
Microsoft Visual Studio Solution File, Format Version 12.00
# Visual Studio Version 16
VisualStudioVersion = 16.0.28803.202
MinimumVisualStudioVersion = 10.0.40219.1
Project("{2150E333-8FDC-42A3-9474-1A3956D46DE8}") = "src", "src", "{CD578A0F-05E0-434C-962B-86A4B50503AA}"
EndProject
Project("{FAE04EC0-301F-11D3-BF4B-00C04F79EFBC}") = "FormHelper", "src\FormHelper\FormHelper.csproj", "{202BB983-CD25-47A7-A03B-43AF72996561}"
EndProject
Project("{2150E333-8FDC-42A3-9474-1A3956D46DE8}") = "sample", "sample", "{5CC4F40F-2E95-45BE-9844-02C921127EEE}"
EndProject
Project("{FAE04EC0-301F-11D3-BF4B-00C04F79EFBC}") = "FormHelper.Samples", "sample\FormHelper.Samples\FormHelper.Samples.csproj", "{30A24AF4-FFE4-40A7-B23C-918E562B6F9C}"
EndProject
Global
	GlobalSection(SolutionConfigurationPlatforms) = preSolution
		Debug|Any CPU = Debug|Any CPU
		Release|Any CPU = Release|Any CPU
	EndGlobalSection
	GlobalSection(ProjectConfigurationPlatforms) = postSolution
		{202BB983-CD25-47A7-A03B-43AF72996561}.Debug|Any CPU.ActiveCfg = Debug|Any CPU
		{202BB983-CD25-47A7-A03B-43AF72996561}.Debug|Any CPU.Build.0 = Debug|Any CPU
		{202BB983-CD25-47A7-A03B-43AF72996561}.Release|Any CPU.ActiveCfg = Release|Any CPU
		{202BB983-CD25-47A7-A03B-43AF72996561}.Release|Any CPU.Build.0 = Release|Any CPU
		{30A24AF4-FFE4-40A7-B23C-918E562B6F9C}.Debug|Any CPU.ActiveCfg = Debug|Any CPU
		{30A24AF4-FFE4-40A7-B23C-918E562B6F9C}.Debug|Any CPU.Build.0 = Debug|Any CPU
		{30A24AF4-FFE4-40A7-B23C-918E562B6F9C}.Release|Any CPU.ActiveCfg = Release|Any CPU
		{30A24AF4-FFE4-40A7-B23C-918E562B6F9C}.Release|Any CPU.Build.0 = Release|Any CPU
	EndGlobalSection
	GlobalSection(SolutionProperties) = preSolution
		HideSolutionNode = FALSE
	EndGlobalSection
	GlobalSection(NestedProjects) = preSolution
		{202BB983-CD25-47A7-A03B-43AF72996561} = {CD578A0F-05E0-434C-962B-86A4B50503AA}
		{30A24AF4-FFE4-40A7-B23C-918E562B6F9C} = {5CC4F40F-2E95-45BE-9844-02C921127EEE}
	EndGlobalSection
	GlobalSection(ExtensibilityGlobals) = postSolution
		SolutionGuid = {67A5E287-EB39-4170-9FE7-31E056CA17BA}
	EndGlobalSection
EndGlobal
